{
  "name": "basic-threejs-template",
  "version": "1.0.0",
  "lockfileVersion": 2,
  "requires": true,
  "packages": {
    "": {
      "name": "basic-threejs-template",
      "version": "1.0.0",
      "license": "ISC",
      "dependencies": {
        "three": "^0.132.2",
        "three-trackballcontrols": "^0.9.0"
      }
    },
    "node_modules/three": {
      "version": "0.132.2",
      "resolved": "https://registry.npmjs.org/three/-/three-0.132.2.tgz",
      "integrity": "sha512-0wcR7LxxkXMn6Gi58gEs3QvY8WpTVXA31L2VOvpjm4ZPYFRHCZC13UqynheFoS5OXDYgtBneN0dhbaNBE8iLhQ=="
    },
    "node_modules/three-trackballcontrols": {
      "version": "0.9.0",
      "resolved": "https://registry.npmjs.org/three-trackballcontrols/-/three-trackballcontrols-0.9.0.tgz",
      "integrity": "sha512-Z6HmIJnP70r5uONvcPCdLEF0SsG1kbGzNb7qQYj3c7b6v2E3XTlbNpZsgTjt36oKm0Z2tU11D6EbW4i8KIHuqA==",
      "peerDependencies": {
        "three": ">= 0.86 <= 1.0"
      }
    }
  },
  "dependencies": {
    "three": {
      "version": "0.132.2",
      "resolved": "https://registry.npmjs.org/three/-/three-0.132.2.tgz",
      "integrity": "sha512-0wcR7LxxkXMn6Gi58gEs3QvY8WpTVXA31L2VOvpjm4ZPYFRHCZC13UqynheFoS5OXDYgtBneN0dhbaNBE8iLhQ=="
    },
    "three-trackballcontrols": {
      "version": "0.9.0",
      "resolved": "https://registry.npmjs.org/three-trackballcontrols/-/three-trackballcontrols-0.9.0.tgz",
      "integrity": "sha512-Z6HmIJnP70r5uONvcPCdLEF0SsG1kbGzNb7qQYj3c7b6v2E3XTlbNpZsgTjt36oKm0Z2tU11D6EbW4i8KIHuqA==",
      "requires": {}
    }
  }
}
